
Microsoft Visual Studio Solution File, Format Version 12.00
# Visual Studio Version 16
VisualStudioVersion = 25.0.1705.5
MinimumVisualStudioVersion = 10.0.40219.1
Project("{FAE04EC0-301F-11D3-BF4B-00C04F79EFBC}") = "FrostAura.Intelligence.Iluvatar.Telegram", "FrostAura.Intelligence.Iluvatar.Telegram\FrostAura.Intelligence.Iluvatar.Telegram.csproj", "{D1C59FA6-1691-4B7E-AF5D-44A8E57CC3CE}"
EndProject
Project("{FAE04EC0-301F-11D3-BF4B-00C04F79EFBC}") = "FrostAura.Intelligence.Iluvatar.Shared", "FrostAura.Intelligence.Iluvatar.Shared\FrostAura.Intelligence.Iluvatar.Shared.csproj", "{FD966C6B-B118-4FB7-8B41-D03F272FF7B7}"
EndProject
Global
	GlobalSection(SolutionConfigurationPlatforms) = preSolution
		Debug|Any CPU = Debug|Any CPU
		Release|Any CPU = Release|Any CPU
	EndGlobalSection
	GlobalSection(ProjectConfigurationPlatforms) = postSolution
		{D1C59FA6-1691-4B7E-AF5D-44A8E57CC3CE}.Debug|Any CPU.ActiveCfg = Debug|Any CPU
		{D1C59FA6-1691-4B7E-AF5D-44A8E57CC3CE}.Debug|Any CPU.Build.0 = Debug|Any CPU
		{D1C59FA6-1691-4B7E-AF5D-44A8E57CC3CE}.Release|Any CPU.ActiveCfg = Release|Any CPU
		{D1C59FA6-1691-4B7E-AF5D-44A8E57CC3CE}.Release|Any CPU.Build.0 = Release|Any CPU
		{FD966C6B-B118-4FB7-8B41-D03F272FF7B7}.Debug|Any CPU.ActiveCfg = Debug|Any CPU
		{FD966C6B-B118-4FB7-8B41-D03F272FF7B7}.Debug|Any CPU.Build.0 = Debug|Any CPU
		{FD966C6B-B118-4FB7-8B41-D03F272FF7B7}.Release|Any CPU.ActiveCfg = Release|Any CPU
		{FD966C6B-B118-4FB7-8B41-D03F272FF7B7}.Release|Any CPU.Build.0 = Release|Any CPU
	EndGlobalSection
	GlobalSection(SolutionProperties) = preSolution
		HideSolutionNode = FALSE
	EndGlobalSection
	GlobalSection(ExtensibilityGlobals) = postSolution
		SolutionGuid = {BA046C4A-59A6-407D-85C7-FA2316CBDFB7}
	EndGlobalSection
EndGlobal
